// !$*UTF8*$!
{
	archiveVersion = 1;
	classes = {
	};
	objectVersion = 77;
	objects = {

/* Begin PBXBuildFile section */
		57216CA02E282C60006EE3CC /* FirebaseStorage in Frameworks */ = {isa = PBXBuildFile; productRef = 57216C9F2E282C60006EE3CC /* FirebaseStorage */; };
		57658A8C2E1789090017E130 /* FirebaseAI in Frameworks */ = {isa = PBXBuildFile; productRef = 57658A8B2E1789090017E130 /* FirebaseAI */; };
		57658A8E2E1789090017E130 /* FirebaseAuth in Frameworks */ = {isa = PBXBuildFile; productRef = 57658A8D2E1789090017E130 /* FirebaseAuth */; };
		57658A902E1789090017E130 /* FirebaseFirestore in Frameworks */ = {isa = PBXBuildFile; productRef = 57658A8F2E1789090017E130 /* FirebaseFirestore */; };
		57803EB12E1645B500A72BE8 /* Config.xcconfig in Resources */ = {isa = PBXBuildFile; fileRef = 57803EB02E1645B500A72BE8 /* Config.xcconfig */; };
		57AF05D22E145F7200C54B11 /* FirebaseAnalytics in Frameworks */ = {isa = PBXBuildFile; productRef = 57AF05D12E145F7200C54B11 /* FirebaseAnalytics */; };
		57AF05D42E145F7200C54B11 /* FirebaseVertexAI in Frameworks */ = {isa = PBXBuildFile; productRef = 57AF05D32E145F7200C54B11 /* FirebaseVertexAI */; };
/* End PBXBuildFile section */

/* Begin PBXContainerItemProxy section */
		57739F0D2E1318F500CFB30B /* PBXContainerItemProxy */ = {
			isa = PBXContainerItemProxy;
			containerPortal = 57739EF72E1318F300CFB30B /* Project object */;
			proxyType = 1;
			remoteGlobalIDString = 57739EFE2E1318F300CFB30B;
			remoteInfo = pocketscale;
		};
		57739F172E1318F500CFB30B /* PBXContainerItemProxy */ = {
			isa = PBXContainerItemProxy;
			containerPortal = 57739EF72E1318F300CFB30B /* Project object */;
			proxyType = 1;
			remoteGlobalIDString = 57739EFE2E1318F300CFB30B;
			remoteInfo = pocketscale;
		};
/* End PBXContainerItemProxy section */

/* Begin PBXFileReference section */
		57739EFF2E1318F300CFB30B /* pocketscale.app */ = {isa = PBXFileReference; explicitFileType = wrapper.application; includeInIndex = 0; path = pocketscale.app; sourceTree = BUILT_PRODUCTS_DIR; };
		57739F0C2E1318F500CFB30B /* pocketscaleTests.xctest */ = {isa = PBXFileReference; explicitFileType = wrapper.cfbundle; includeInIndex = 0; path = pocketscaleTests.xctest; sourceTree = BUILT_PRODUCTS_DIR; };
		57739F162E1318F500CFB30B /* pocketscaleUITests.xctest */ = {isa = PBXFileReference; explicitFileType = wrapper.cfbundle; includeInIndex = 0; path = pocketscaleUITests.xctest; sourceTree = BUILT_PRODUCTS_DIR; };
		57803EB02E1645B500A72BE8 /* Config.xcconfig */ = {isa = PBXFileReference; lastKnownFileType = text.xcconfig; path = Config.xcconfig; sourceTree = "<group>"; };
/* End PBXFileReference section */

/* Begin PBXFileSystemSynchronizedBuildFileExceptionSet section */
		57803EB32E1646F000A72BE8 /* Exceptions for "pocketscale" folder in "pocketscale" target */ = {
			isa = PBXFileSystemSynchronizedBuildFileExceptionSet;
			membershipExceptions = (
				Info.plist,
			);
			target = 57739EFE2E1318F300CFB30B /* pocketscale */;
		};
/* End PBXFileSystemSynchronizedBuildFileExceptionSet section */

/* Begin PBXFileSystemSynchronizedRootGroup section */
		57739F012E1318F300CFB30B /* pocketscale */ = {
			isa = PBXFileSystemSynchronizedRootGroup;
			exceptions = (
				57803EB32E1646F000A72BE8 /* Exceptions for "pocketscale" folder in "pocketscale" target */,
			);
			path = pocketscale;
			sourceTree = "<group>";
		};
		57739F0F2E1318F500CFB30B /* pocketscaleTests */ = {
			isa = PBXFileSystemSynchronizedRootGroup;
			path = pocketscaleTests;
			sourceTree = "<group>";
		};
		57739F192E1318F500CFB30B /* pocketscaleUITests */ = {
			isa = PBXFileSystemSynchronizedRootGroup;
			path = pocketscaleUITests;
			sourceTree = "<group>";
		};
/* End PBXFileSystemSynchronizedRootGroup section */

/* Begin PBXFrameworksBuildPhase section */
		57739EFC2E1318F300CFB30B /* Frameworks */ = {
			isa = PBXFrameworksBuildPhase;
			buildActionMask = 2147483647;
			files = (
				57AF05D22E145F7200C54B11 /* FirebaseAnalytics in Frameworks */,
				57AF05D42E145F7200C54B11 /* FirebaseVertexAI in Frameworks */,
				57658A8C2E1789090017E130 /* FirebaseAI in Frameworks */,
				57658A902E1789090017E130 /* FirebaseFirestore in Frameworks */,
				57658A8E2E1789090017E130 /* FirebaseAuth in Frameworks */,
				57216CA02E282C60006EE3CC /* FirebaseStorage in Frameworks */,
			);
			runOnlyForDeploymentPostprocessing = 0;
		};
		57739F092E1318F500CFB30B /* Frameworks */ = {
			isa = PBXFrameworksBuildPhase;
			buildActionMask = 2147483647;
			files = (
			);
			runOnlyForDeploymentPostprocessing = 0;
		};
		57739F132E1318F500CFB30B /* Frameworks */ = {
			isa = PBXFrameworksBuildPhase;
			buildActionMask = 2147483647;
			files = (
			);
			runOnlyForDeploymentPostprocessing = 0;
		};
/* End PBXFrameworksBuildPhase section */

/* Begin PBXGroup section */
		57658A8A2E1789090017E130 /* Frameworks */ = {
			isa = PBXGroup;
			children = (
			);
			name = Frameworks;
			sourceTree = "<group>";
		};
		57739EF62E1318F300CFB30B = {
			isa = PBXGroup;
			children = (
				57803EB02E1645B500A72BE8 /* Config.xcconfig */,
				57739F012E1318F300CFB30B /* pocketscale */,
				57739F0F2E1318F500CFB30B /* pocketscaleTests */,
				57739F192E1318F500CFB30B /* pocketscaleUITests */,
				57658A8A2E1789090017E130 /* Frameworks */,
				57739F002E1318F300CFB30B /* Products */,
			);
			sourceTree = "<group>";
		};
		57739F002E1318F300CFB30B /* Products */ = {
			isa = PBXGroup;
			children = (
				57739EFF2E1318F300CFB30B /* pocketscale.app */,
				57739F0C2E1318F500CFB30B /* pocketscaleTests.xctest */,
				57739F162E1318F500CFB30B /* pocketscaleUITests.xctest */,
			);
			name = Products;
			sourceTree = "<group>";
		};
/* End PBXGroup section */

/* Begin PBXNativeTarget section */
		57739EFE2E1318F300CFB30B /* pocketscale */ = {
			isa = PBXNativeTarget;
			buildConfigurationList = 57739F202E1318F500CFB30B /* Build configuration list for PBXNativeTarget "pocketscale" */;
			buildPhases = (
				57739EFB2E1318F300CFB30B /* Sources */,
				57739EFC2E1318F300CFB30B /* Frameworks */,
				57739EFD2E1318F300CFB30B /* Resources */,
			);
			buildRules = (
			);
			dependencies = (
			);
			fileSystemSynchronizedGroups = (
				57739F012E1318F300CFB30B /* pocketscale */,
			);
			name = pocketscale;
			packageProductDependencies = (
				57AF05D12E145F7200C54B11 /* FirebaseAnalytics */,
				57AF05D32E145F7200C54B11 /* FirebaseVertexAI */,
				57658A8B2E1789090017E130 /* FirebaseAI */,
				57658A8D2E1789090017E130 /* FirebaseAuth */,
				57658A8F2E1789090017E130 /* FirebaseFirestore */,
				57216C9F2E282C60006EE3CC /* FirebaseStorage */,
			);
			productName = pocketscale;
			productReference = 57739EFF2E1318F300CFB30B /* pocketscale.app */;
			productType = "com.apple.product-type.application";
		};
		57739F0B2E1318F500CFB30B /* pocketscaleTests */ = {
			isa = PBXNativeTarget;
			buildConfigurationList = 57739F232E1318F500CFB30B /* Build configuration list for PBXNativeTarget "pocketscaleTests" */;
			buildPhases = (
				57739F082E1318F500CFB30B /* Sources */,
				57739F092E1318F500CFB30B /* Frameworks */,
				57739F0A2E1318F500CFB30B /* Resources */,
			);
			buildRules = (
			);
			dependencies = (
				57739F0E2E1318F500CFB30B /* PBXTargetDependency */,
			);
			fileSystemSynchronizedGroups = (
				57739F0F2E1318F500CFB30B /* pocketscaleTests */,
			);
			name = pocketscaleTests;
			packageProductDependencies = (
			);
			productName = pocketscaleTests;
			productReference = 57739F0C2E1318F500CFB30B /* pocketscaleTests.xctest */;
			productType = "com.apple.product-type.bundle.unit-test";
		};
		57739F152E1318F500CFB30B /* pocketscaleUITests */ = {
			isa = PBXNativeTarget;
			buildConfigurationList = 57739F262E1318F500CFB30B /* Build configuration list for PBXNativeTarget "pocketscaleUITests" */;
			buildPhases = (
				57739F122E1318F500CFB30B /* Sources */,
				57739F132E1318F500CFB30B /* Frameworks */,
				57739F142E1318F500CFB30B /* Resources */,
			);
			buildRules = (
			);
			dependencies = (
				57739F182E1318F500CFB30B /* PBXTargetDependency */,
			);
			fileSystemSynchronizedGroups = (
				57739F192E1318F500CFB30B /* pocketscaleUITests */,
			);
			name = pocketscaleUITests;
			packageProductDependencies = (
			);
			productName = pocketscaleUITests;
			productReference = 57739F162E1318F500CFB30B /* pocketscaleUITests.xctest */;
			productType = "com.apple.product-type.bundle.ui-testing";
		};
/* End PBXNativeTarget section */

/* Begin PBXProject section */
		57739EF72E1318F300CFB30B /* Project object */ = {
			isa = PBXProject;
			attributes = {
				BuildIndependentTargetsInParallel = 1;
				LastSwiftUpdateCheck = 1640;
				LastUpgradeCheck = 1640;
				TargetAttributes = {
					57739EFE2E1318F300CFB30B = {
						CreatedOnToolsVersion = 16.4;
					};
					57739F0B2E1318F500CFB30B = {
						CreatedOnToolsVersion = 16.4;
						TestTargetID = 57739EFE2E1318F300CFB30B;
					};
					57739F152E1318F500CFB30B = {
						CreatedOnToolsVersion = 16.4;
						TestTargetID = 57739EFE2E1318F300CFB30B;
					};
				};
			};
			buildConfigurationList = 57739EFA2E1318F300CFB30B /* Build configuration list for PBXProject "pocketscale" */;
			developmentRegion = en;
			hasScannedForEncodings = 0;
			knownRegions = (
				en,
				Base,
			);
			mainGroup = 57739EF62E1318F300CFB30B;
			minimizedProjectReferenceProxies = 1;
			packageReferences = (
				57AF05D02E145F7200C54B11 /* XCRemoteSwiftPackageReference "firebase-ios-sdk" */,
			);
			preferredProjectObjectVersion = 77;
			productRefGroup = 57739F002E1318F300CFB30B /* Products */;
			projectDirPath = "";
			projectRoot = "";
			targets = (
				57739EFE2E1318F300CFB30B /* pocketscale */,
				57739F0B2E1318F500CFB30B /* pocketscaleTests */,
				57739F152E1318F500CFB30B /* pocketscaleUITests */,
			);
		};
/* End PBXProject section */

/* Begin PBXResourcesBuildPhase section */
		57739EFD2E1318F300CFB30B /* Resources */ = {
			isa = PBXResourcesBuildPhase;
			buildActionMask = 2147483647;
			files = (
				57803EB12E1645B500A72BE8 /* Config.xcconfig in Resources */,
			);
			runOnlyForDeploymentPostprocessing = 0;
		};
		57739F0A2E1318F500CFB30B /* Resources */ = {
			isa = PBXResourcesBuildPhase;
			buildActionMask = 2147483647;
			files = (
			);
			runOnlyForDeploymentPostprocessing = 0;
		};
		57739F142E1318F500CFB30B /* Resources */ = {
			isa = PBXResourcesBuildPhase;
			buildActionMask = 2147483647;
			files = (
			);
			runOnlyForDeploymentPostprocessing = 0;
		};
/* End PBXResourcesBuildPhase section */

/* Begin PBXSourcesBuildPhase section */
		57739EFB2E1318F300CFB30B /* Sources */ = {
			isa = PBXSourcesBuildPhase;
			buildActionMask = 2147483647;
			files = (
			);
			runOnlyForDeploymentPostprocessing = 0;
		};
		57739F082E1318F500CFB30B /* Sources */ = {
			isa = PBXSourcesBuildPhase;
			buildActionMask = 2147483647;
			files = (
			);
			runOnlyForDeploymentPostprocessing = 0;
		};
		57739F122E1318F500CFB30B /* Sources */ = {
			isa = PBXSourcesBuildPhase;
			buildActionMask = 2147483647;
			files = (
			);
			runOnlyForDeploymentPostprocessing = 0;
		};
/* End PBXSourcesBuildPhase section */

/* Begin PBXTargetDependency section */
		57739F0E2E1318F500CFB30B /* PBXTargetDependency */ = {
			isa = PBXTargetDependency;
			target = 57739EFE2E1318F300CFB30B /* pocketscale */;
			targetProxy = 57739F0D2E1318F500CFB30B /* PBXContainerItemProxy */;
		};
		57739F182E1318F500CFB30B /* PBXTargetDependency */ = {
			isa = PBXTargetDependency;
			target = 57739EFE2E1318F300CFB30B /* pocketscale */;
			targetProxy = 57739F172E1318F500CFB30B /* PBXContainerItemProxy */;
		};
/* End PBXTargetDependency section */

/* Begin XCBuildConfiguration section */
		57739F1E2E1318F500CFB30B /* Debug */ = {
			isa = XCBuildConfiguration;
			baseConfigurationReference = 57803EB02E1645B500A72BE8 /* Config.xcconfig */;
			buildSettings = {
				ALWAYS_SEARCH_USER_PATHS = NO;
				ASSETCATALOG_COMPILER_GENERATE_SWIFT_ASSET_SYMBOL_EXTENSIONS = YES;
				CLANG_ANALYZER_NONNULL = YES;
				CLANG_ANALYZER_NUMBER_OBJECT_CONVERSION = YES_AGGRESSIVE;
				CLANG_CXX_LANGUAGE_STANDARD = "gnu++20";
				CLANG_ENABLE_MODULES = YES;
				CLANG_ENABLE_OBJC_ARC = YES;
				CLANG_ENABLE_OBJC_WEAK = YES;
				CLANG_WARN_BLOCK_CAPTURE_AUTORELEASING = YES;
				CLANG_WARN_BOOL_CONVERSION = YES;
				CLANG_WARN_COMMA = YES;
				CLANG_WARN_CONSTANT_CONVERSION = YES;
				CLANG_WARN_DEPRECATED_OBJC_IMPLEMENTATIONS = YES;
				CLANG_WARN_DIRECT_OBJC_ISA_USAGE = YES_ERROR;
				CLANG_WARN_DOCUMENTATION_COMMENTS = YES;
				CLANG_WARN_EMPTY_BODY = YES;
				CLANG_WARN_ENUM_CONVERSION = YES;
				CLANG_WARN_INFINITE_RECURSION = YES;
				CLANG_WARN_INT_CONVERSION = YES;
				CLANG_WARN_NON_LITERAL_NULL_CONVERSION = YES;
				CLANG_WARN_OBJC_IMPLICIT_RETAIN_SELF = YES;
				CLANG_WARN_OBJC_LITERAL_CONVERSION = YES;
				CLANG_WARN_OBJC_ROOT_CLASS = YES_ERROR;
				CLANG_WARN_QUOTED_INCLUDE_IN_FRAMEWORK_HEADER = YES;
				CLANG_WARN_RANGE_LOOP_ANALYSIS = YES;
				CLANG_WARN_STRICT_PROTOTYPES = YES;
				CLANG_WARN_SUSPICIOUS_MOVE = YES;
				CLANG_WARN_UNGUARDED_AVAILABILITY = YES_AGGRESSIVE;
				CLANG_WARN_UNREACHABLE_CODE = YES;
				CLANG_WARN__DUPLICATE_METHOD_MATCH = YES;
				COPY_PHASE_STRIP = NO;
				DEBUG_INFORMATION_FORMAT = dwarf;
				DEVELOPMENT_TEAM = CS8BA285Y7;
				ENABLE_STRICT_OBJC_MSGSEND = YES;
				ENABLE_TESTABILITY = YES;
				ENABLE_USER_SCRIPT_SANDBOXING = YES;
				GCC_C_LANGUAGE_STANDARD = gnu17;
				GCC_DYNAMIC_NO_PIC = NO;
				GCC_NO_COMMON_BLOCKS = YES;
				GCC_OPTIMIZATION_LEVEL = 0;
				GCC_PREPROCESSOR_DEFINITIONS = (
					"DEBUG=1",
					"$(inherited)",
				);
				GCC_WARN_64_TO_32_BIT_CONVERSION = YES;
				GCC_WARN_ABOUT_RETURN_TYPE = YES_ERROR;
				GCC_WARN_UNDECLARED_SELECTOR = YES;
				GCC_WARN_UNINITIALIZED_AUTOS = YES_AGGRESSIVE;
				GCC_WARN_UNUSED_FUNCTION = YES;
				GCC_WARN_UNUSED_VARIABLE = YES;
				IPHONEOS_DEPLOYMENT_TARGET = 18.5;
				LOCALIZATION_PREFERS_STRING_CATALOGS = YES;
				MTL_ENABLE_DEBUG_INFO = INCLUDE_SOURCE;
				MTL_FAST_MATH = YES;
				ONLY_ACTIVE_ARCH = YES;
				SDKROOT = iphoneos;
				SWIFT_ACTIVE_COMPILATION_CONDITIONS = "DEBUG $(inherited)";
				SWIFT_OPTIMIZATION_LEVEL = "-Onone";
			};
			name = Debug;
		};
		57739F1F2E1318F500CFB30B /* Release */ = {
			isa = XCBuildConfiguration;
			baseConfigurationReference = 57803EB02E1645B500A72BE8 /* Config.xcconfig */;
			buildSettings = {
				ALWAYS_SEARCH_USER_PATHS = NO;
				ASSETCATALOG_COMPILER_GENERATE_SWIFT_ASSET_SYMBOL_EXTENSIONS = YES;
				CLANG_ANALYZER_NONNULL = YES;
				CLANG_ANALYZER_NUMBER_OBJECT_CONVERSION = YES_AGGRESSIVE;
				CLANG_CXX_LANGUAGE_STANDARD = "gnu++20";
				CLANG_ENABLE_MODULES = YES;
				CLANG_ENABLE_OBJC_ARC = YES;
				CLANG_ENABLE_OBJC_WEAK = YES;
				CLANG_WARN_BLOCK_CAPTURE_AUTORELEASING = YES;
				CLANG_WARN_BOOL_CONVERSION = YES;
				CLANG_WARN_COMMA = YES;
				CLANG_WARN_CONSTANT_CONVERSION = YES;
				CLANG_WARN_DEPRECATED_OBJC_IMPLEMENTATIONS = YES;
				CLANG_WARN_DIRECT_OBJC_ISA_USAGE = YES_ERROR;
				CLANG_WARN_DOCUMENTATION_COMMENTS = YES;
				CLANG_WARN_EMPTY_BODY = YES;
				CLANG_WARN_ENUM_CONVERSION = YES;
				CLANG_WARN_INFINITE_RECURSION = YES;
				CLANG_WARN_INT_CONVERSION = YES;
				CLANG_WARN_NON_LITERAL_NULL_CONVERSION = YES;
				CLANG_WARN_OBJC_IMPLICIT_RETAIN_SELF = YES;
				CLANG_WARN_OBJC_LITERAL_CONVERSION = YES;
				CLANG_WARN_OBJC_ROOT_CLASS = YES_ERROR;
				CLANG_WARN_QUOTED_INCLUDE_IN_FRAMEWORK_HEADER = YES;
				CLANG_WARN_RANGE_LOOP_ANALYSIS = YES;
				CLANG_WARN_STRICT_PROTOTYPES = YES;
				CLANG_WARN_SUSPICIOUS_MOVE = YES;
				CLANG_WARN_UNGUARDED_AVAILABILITY = YES_AGGRESSIVE;
				CLANG_WARN_UNREACHABLE_CODE = YES;
				CLANG_WARN__DUPLICATE_METHOD_MATCH = YES;
				COPY_PHASE_STRIP = NO;
				DEBUG_INFORMATION_FORMAT = "dwarf-with-dsym";
				DEVELOPMENT_TEAM = CS8BA285Y7;
				ENABLE_NS_ASSERTIONS = NO;
				ENABLE_STRICT_OBJC_MSGSEND = YES;
				ENABLE_USER_SCRIPT_SANDBOXING = YES;
				GCC_C_LANGUAGE_STANDARD = gnu17;
				GCC_NO_COMMON_BLOCKS = YES;
				GCC_WARN_64_TO_32_BIT_CONVERSION = YES;
				GCC_WARN_ABOUT_RETURN_TYPE = YES_ERROR;
				GCC_WARN_UNDECLARED_SELECTOR = YES;
				GCC_WARN_UNINITIALIZED_AUTOS = YES_AGGRESSIVE;
				GCC_WARN_UNUSED_FUNCTION = YES;
				GCC_WARN_UNUSED_VARIABLE = YES;
				IPHONEOS_DEPLOYMENT_TARGET = 18.5;
				LOCALIZATION_PREFERS_STRING_CATALOGS = YES;
				MTL_ENABLE_DEBUG_INFO = NO;
				MTL_FAST_MATH = YES;
				SDKROOT = iphoneos;
				SWIFT_COMPILATION_MODE = wholemodule;
				VALIDATE_PRODUCT = YES;
			};
			name = Release;
		};
		57739F212E1318F500CFB30B /* Debug */ = {
			isa = XCBuildConfiguration;
			buildSettings = {
				ASSETCATALOG_COMPILER_APPICON_NAME = AppIcon;
				ASSETCATALOG_COMPILER_GLOBAL_ACCENT_COLOR_NAME = AccentColor;
				CODE_SIGN_ENTITLEMENTS = pocketscale/pocketscale.entitlements;
				CODE_SIGN_STYLE = Automatic;
				CURRENT_PROJECT_VERSION = 10;
				DEVELOPMENT_TEAM = CS8BA285Y7;
				ENABLE_PREVIEWS = YES;
				GENERATE_INFOPLIST_FILE = YES;
				INFOPLIST_FILE = pocketscale/Info.plist;
				INFOPLIST_KEY_CFBundleDisplayName = PocketScale;
				INFOPLIST_KEY_LSApplicationCategoryType = "public.app-category.healthcare-fitness";
				INFOPLIST_KEY_NSCameraUsageDescription = "PocketScale needs camera access to take photos of food for weight analysis.";
				INFOPLIST_KEY_NSPhotoLibraryUsageDescription = "PocketScale needs photo library access to select images of food for weight analysis.";
				INFOPLIST_KEY_UIApplicationSceneManifest_Generation = YES;
				INFOPLIST_KEY_UIApplicationSupportsIndirectInputEvents = YES;
				INFOPLIST_KEY_UILaunchScreen_Generation = YES;
				INFOPLIST_KEY_UISupportedInterfaceOrientations = UIInterfaceOrientationPortrait;
				LD_RUNPATH_SEARCH_PATHS = (
					"$(inherited)",
					"@executable_path/Frameworks",
				);
				MARKETING_VERSION = 1.1;
				PRODUCT_BUNDLE_IDENTIFIER = com.tech.endev.pocketscale;
				PRODUCT_NAME = "$(TARGET_NAME)";
				SUPPORTED_PLATFORMS = "iphoneos iphonesimulator";
				SUPPORTS_MACCATALYST = NO;
				SUPPORTS_MAC_DESIGNED_FOR_IPHONE_IPAD = NO;
				SUPPORTS_XR_DESIGNED_FOR_IPHONE_IPAD = NO;
				SWIFT_EMIT_LOC_STRINGS = YES;
				SWIFT_VERSION = 5.0;
				TARGETED_DEVICE_FAMILY = 1;
			};
			name = Debug;
		};
		57739F222E1318F500CFB30B /* Release */ = {
			isa = XCBuildConfiguration;
			buildSettings = {
				ASSETCATALOG_COMPILER_APPICON_NAME = AppIcon;
				ASSETCATALOG_COMPILER_GLOBAL_ACCENT_COLOR_NAME = AccentColor;
				CODE_SIGN_ENTITLEMENTS = pocketscale/pocketscale.entitlements;
				CODE_SIGN_STYLE = Automatic;
				CURRENT_PROJECT_VERSION = 10;
				DEVELOPMENT_TEAM = CS8BA285Y7;
				ENABLE_PREVIEWS = YES;
				GENERATE_INFOPLIST_FILE = YES;
				INFOPLIST_FILE = pocketscale/Info.plist;
				INFOPLIST_KEY_CFBundleDisplayName = PocketScale;
				INFOPLIST_KEY_LSApplicationCategoryType = "public.app-category.healthcare-fitness";
				INFOPLIST_KEY_NSCameraUsageDescription = "PocketScale needs camera access to take photos of food for weight analysis.";
				INFOPLIST_KEY_NSPhotoLibraryUsageDescription = "PocketScale needs photo library access to select images of food for weight analysis.";
				INFOPLIST_KEY_UIApplicationSceneManifest_Generation = YES;
				INFOPLIST_KEY_UIApplicationSupportsIndirectInputEvents = YES;
				INFOPLIST_KEY_UILaunchScreen_Generation = YES;
				INFOPLIST_KEY_UISupportedInterfaceOrientations = UIInterfaceOrientationPortrait;
				LD_RUNPATH_SEARCH_PATHS = (
					"$(inherited)",
					"@executable_path/Frameworks",
				);
				MARKETING_VERSION = 1.1;
				PRODUCT_BUNDLE_IDENTIFIER = com.tech.endev.pocketscale;
				PRODUCT_NAME = "$(TARGET_NAME)";
				SUPPORTED_PLATFORMS = "iphoneos iphonesimulator";
				SUPPORTS_MACCATALYST = NO;
				SUPPORTS_MAC_DESIGNED_FOR_IPHONE_IPAD = NO;
				SUPPORTS_XR_DESIGNED_FOR_IPHONE_IPAD = NO;
				SWIFT_EMIT_LOC_STRINGS = YES;
				SWIFT_VERSION = 5.0;
				TARGETED_DEVICE_FAMILY = 1;
			};
			name = Release;
		};
		57739F242E1318F500CFB30B /* Debug */ = {
			isa = XCBuildConfiguration;
			buildSettings = {
				BUNDLE_LOADER = "$(TEST_HOST)";
				CODE_SIGN_STYLE = Automatic;
				CURRENT_PROJECT_VERSION = 1;
				DEVELOPMENT_TEAM = CS8BA285Y7;
				GENERATE_INFOPLIST_FILE = YES;
				IPHONEOS_DEPLOYMENT_TARGET = 18.5;
				MARKETING_VERSION = 1.0;
				PRODUCT_BUNDLE_IDENTIFIER = com.tech.endev.pocketscaleTests;
				PRODUCT_NAME = "$(TARGET_NAME)";
				SWIFT_EMIT_LOC_STRINGS = NO;
				SWIFT_VERSION = 5.0;
				TARGETED_DEVICE_FAMILY = "1,2";
				TEST_HOST = "$(BUILT_PRODUCTS_DIR)/pocketscale.app/$(BUNDLE_EXECUTABLE_FOLDER_PATH)/pocketscale";
			};
			name = Debug;
		};
		57739F252E1318F500CFB30B /* Release */ = {
			isa = XCBuildConfiguration;
			buildSettings = {
				BUNDLE_LOADER = "$(TEST_HOST)";
				CODE_SIGN_STYLE = Automatic;
				CURRENT_PROJECT_VERSION = 1;
				DEVELOPMENT_TEAM = CS8BA285Y7;
				GENERATE_INFOPLIST_FILE = YES;
				IPHONEOS_DEPLOYMENT_TARGET = 18.5;
				MARKETING_VERSION = 1.0;
				PRODUCT_BUNDLE_IDENTIFIER = com.tech.endev.pocketscaleTests;
				PRODUCT_NAME = "$(TARGET_NAME)";
				SWIFT_EMIT_LOC_STRINGS = NO;
				SWIFT_VERSION = 5.0;
				TARGETED_DEVICE_FAMILY = "1,2";
				TEST_HOST = "$(BUILT_PRODUCTS_DIR)/pocketscale.app/$(BUNDLE_EXECUTABLE_FOLDER_PATH)/pocketscale";
			};
			name = Release;
		};
		57739F272E1318F500CFB30B /* Debug */ = {
			isa = XCBuildConfiguration;
			buildSettings = {
				CODE_SIGN_STYLE = Automatic;
				CURRENT_PROJECT_VERSION = 1;
				DEVELOPMENT_TEAM = CS8BA285Y7;
				GENERATE_INFOPLIST_FILE = YES;
				MARKETING_VERSION = 1.0;
				PRODUCT_BUNDLE_IDENTIFIER = com.tech.endev.pocketscaleUITests;
				PRODUCT_NAME = "$(TARGET_NAME)";
				SWIFT_EMIT_LOC_STRINGS = NO;
				SWIFT_VERSION = 5.0;
				TARGETED_DEVICE_FAMILY = "1,2";
				TEST_TARGET_NAME = pocketscale;
			};
			name = Debug;
		};
		57739F282E1318F500CFB30B /* Release */ = {
			isa = XCBuildConfiguration;
			buildSettings = {
				CODE_SIGN_STYLE = Automatic;
				CURRENT_PROJECT_VERSION = 1;
				DEVELOPMENT_TEAM = CS8BA285Y7;
				GENERATE_INFOPLIST_FILE = YES;
				MARKETING_VERSION = 1.0;
				PRODUCT_BUNDLE_IDENTIFIER = com.tech.endev.pocketscaleUITests;
				PRODUCT_NAME = "$(TARGET_NAME)";
				SWIFT_EMIT_LOC_STRINGS = NO;
				SWIFT_VERSION = 5.0;
				TARGETED_DEVICE_FAMILY = "1,2";
				TEST_TARGET_NAME = pocketscale;
			};
			name = Release;
		};
/* End XCBuildConfiguration section */

/* Begin XCConfigurationList section */
		57739EFA2E1318F300CFB30B /* Build configuration list for PBXProject "pocketscale" */ = {
			isa = XCConfigurationList;
			buildConfigurations = (
				57739F1E2E1318F500CFB30B /* Debug */,
				57739F1F2E1318F500CFB30B /* Release */,
			);
			defaultConfigurationIsVisible = 0;
			defaultConfigurationName = Release;
		};
		57739F202E1318F500CFB30B /* Build configuration list for PBXNativeTarget "pocketscale" */ = {
			isa = XCConfigurationList;
			buildConfigurations = (
				57739F212E1318F500CFB30B /* Debug */,
				57739F222E1318F500CFB30B /* Release */,
			);
			defaultConfigurationIsVisible = 0;
			defaultConfigurationName = Release;
		};
		57739F232E1318F500CFB30B /* Build configuration list for PBXNativeTarget "pocketscaleTests" */ = {
			isa = XCConfigurationList;
			buildConfigurations = (
				57739F242E1318F500CFB30B /* Debug */,
				57739F252E1318F500CFB30B /* Release */,
			);
			defaultConfigurationIsVisible = 0;
			defaultConfigurationName = Release;
		};
		57739F262E1318F500CFB30B /* Build configuration list for PBXNativeTarget "pocketscaleUITests" */ = {
			isa = XCConfigurationList;
			buildConfigurations = (
				57739F272E1318F500CFB30B /* Debug */,
				57739F282E1318F500CFB30B /* Release */,
			);
			defaultConfigurationIsVisible = 0;
			defaultConfigurationName = Release;
		};
/* End XCConfigurationList section */

/* Begin XCRemoteSwiftPackageReference section */
		57AF05D02E145F7200C54B11 /* XCRemoteSwiftPackageReference "firebase-ios-sdk" */ = {
			isa = XCRemoteSwiftPackageReference;
			repositoryURL = "https://github.com/firebase/firebase-ios-sdk";
			requirement = {
				kind = upToNextMajorVersion;
				minimumVersion = 11.15.0;
			};
		};
/* End XCRemoteSwiftPackageReference section */

/* Begin XCSwiftPackageProductDependency section */
		57216C9F2E282C60006EE3CC /* FirebaseStorage */ = {
			isa = XCSwiftPackageProductDependency;
			package = 57AF05D02E145F7200C54B11 /* XCRemoteSwiftPackageReference "firebase-ios-sdk" */;
			productName = FirebaseStorage;
		};
		57658A8B2E1789090017E130 /* FirebaseAI */ = {
			isa = XCSwiftPackageProductDependency;
			package = 57AF05D02E145F7200C54B11 /* XCRemoteSwiftPackageReference "firebase-ios-sdk" */;
			productName = FirebaseAI;
		};
		57658A8D2E1789090017E130 /* FirebaseAuth */ = {
			isa = XCSwiftPackageProductDependency;
			package = 57AF05D02E145F7200C54B11 /* XCRemoteSwiftPackageReference "firebase-ios-sdk" */;
			productName = FirebaseAuth;
		};
		57658A8F2E1789090017E130 /* FirebaseFirestore */ = {
			isa = XCSwiftPackageProductDependency;
			package = 57AF05D02E145F7200C54B11 /* XCRemoteSwiftPackageReference "firebase-ios-sdk" */;
			productName = FirebaseFirestore;
		};
		57AF05D12E145F7200C54B11 /* FirebaseAnalytics */ = {
			isa = XCSwiftPackageProductDependency;
			package = 57AF05D02E145F7200C54B11 /* XCRemoteSwiftPackageReference "firebase-ios-sdk" */;
			productName = FirebaseAnalytics;
		};
		57AF05D32E145F7200C54B11 /* FirebaseVertexAI */ = {
			isa = XCSwiftPackageProductDependency;
			package = 57AF05D02E145F7200C54B11 /* XCRemoteSwiftPackageReference "firebase-ios-sdk" */;
			productName = FirebaseVertexAI;
		};
/* End XCSwiftPackageProductDependency section */
	};
	rootObject = 57739EF72E1318F300CFB30B /* Project object */;
}
